
Microsoft Visual Studio Solution File, Format Version 12.00
# Visual Studio Version 17
VisualStudioVersion = 17.9.34701.34
MinimumVisualStudioVersion = 10.0.40219.1
Project("{FAE04EC0-301F-11D3-BF4B-00C04F79EFBC}") = "ConsoleApp1", "ConsoleApp1\ConsoleApp1.csproj", "{C1202FC4-2DC9-4AE0-9492-9F20E4657D06}"
EndProject
Global
	GlobalSection(SolutionConfigurationPlatforms) = preSolution
		Debug|Any CPU = Debug|Any CPU
		Release|Any CPU = Release|Any CPU
	EndGlobalSection
	GlobalSection(ProjectConfigurationPlatforms) = postSolution
		{C1202FC4-2DC9-4AE0-9492-9F20E4657D06}.Debug|Any CPU.ActiveCfg = Debug|Any CPU
		{C1202FC4-2DC9-4AE0-9492-9F20E4657D06}.Debug|Any CPU.Build.0 = Debug|Any CPU
		{C1202FC4-2DC9-4AE0-9492-9F20E4657D06}.Release|Any CPU.ActiveCfg = Release|Any CPU
		{C1202FC4-2DC9-4AE0-9492-9F20E4657D06}.Release|Any CPU.Build.0 = Release|Any CPU
	EndGlobalSection
	GlobalSection(SolutionProperties) = preSolution
		HideSolutionNode = FALSE
	EndGlobalSection
	GlobalSection(ExtensibilityGlobals) = postSolution
		SolutionGuid = {E40E89E8-DA2F-487B-9689-F7F90AFF0A4A}
	EndGlobalSection
EndGlobal
